// !$*UTF8*$!
{
	archiveVersion = 1;
	classes = {
	};
	objectVersion = 50;
	objects = {

/* Begin PBXBuildFile section */
		42D09ADB0F6C2189AE6CFE39 /* Pods_FlybookTestTests.framework in Frameworks */ = {isa = PBXBuildFile; fileRef = 42EF95B366E6F1A7671D0714 /* Pods_FlybookTestTests.framework */; };
		73EAF58320E3C01C00669787 /* AppDelegate.swift in Sources */ = {isa = PBXBuildFile; fileRef = 73EAF58220E3C01C00669787 /* AppDelegate.swift */; };
		73EAF58520E3C01C00669787 /* ViewController.swift in Sources */ = {isa = PBXBuildFile; fileRef = 73EAF58420E3C01C00669787 /* ViewController.swift */; };
		73EAF58820E3C01C00669787 /* Main.storyboard in Resources */ = {isa = PBXBuildFile; fileRef = 73EAF58620E3C01C00669787 /* Main.storyboard */; };
		73EAF58A20E3C01D00669787 /* Assets.xcassets in Resources */ = {isa = PBXBuildFile; fileRef = 73EAF58920E3C01D00669787 /* Assets.xcassets */; };
		73EAF58D20E3C01D00669787 /* LaunchScreen.storyboard in Resources */ = {isa = PBXBuildFile; fileRef = 73EAF58B20E3C01D00669787 /* LaunchScreen.storyboard */; };
		73EAF59820E3C01D00669787 /* FlybookTestTests.swift in Sources */ = {isa = PBXBuildFile; fileRef = 73EAF59720E3C01D00669787 /* FlybookTestTests.swift */; };
		73EAF5A320E3C0FC00669787 /* MainViewController.swift in Sources */ = {isa = PBXBuildFile; fileRef = 73EAF5A220E3C0FC00669787 /* MainViewController.swift */; };
		73EAF5A520E5255300669787 /* SearchViewController.swift in Sources */ = {isa = PBXBuildFile; fileRef = 73EAF5A420E5255300669787 /* SearchViewController.swift */; };
		73EAF5A720E5255E00669787 /* WriteViewController.swift in Sources */ = {isa = PBXBuildFile; fileRef = 73EAF5A620E5255E00669787 /* WriteViewController.swift */; };
		73EAF5A920E5256700669787 /* FeedViewController.swift in Sources */ = {isa = PBXBuildFile; fileRef = 73EAF5A820E5256700669787 /* FeedViewController.swift */; };
		73EAF5AB20E5257100669787 /* UserViewController.swift in Sources */ = {isa = PBXBuildFile; fileRef = 73EAF5AA20E5257100669787 /* UserViewController.swift */; };
		C6842ED1590306970AD8381A /* Pods_FlybookTest.framework in Frameworks */ = {isa = PBXBuildFile; fileRef = 426E49074EAB1255EAB40EB7 /* Pods_FlybookTest.framework */; };
/* End PBXBuildFile section */

/* Begin PBXContainerItemProxy section */
		73EAF59420E3C01D00669787 /* PBXContainerItemProxy */ = {
			isa = PBXContainerItemProxy;
			containerPortal = 73EAF57720E3C01C00669787 /* Project object */;
			proxyType = 1;
			remoteGlobalIDString = 73EAF57E20E3C01C00669787;
			remoteInfo = FlybookTest;
		};
/* End PBXContainerItemProxy section */

/* Begin PBXFileReference section */
		070C803ABCC7D2F0BE9D47A1 /* Pods-FlybookTestTests.release.xcconfig */ = {isa = PBXFileReference; includeInIndex = 1; lastKnownFileType = text.xcconfig; name = "Pods-FlybookTestTests.release.xcconfig"; path = "Pods/Target Support Files/Pods-FlybookTestTests/Pods-FlybookTestTests.release.xcconfig"; sourceTree = "<group>"; };
		426E49074EAB1255EAB40EB7 /* Pods_FlybookTest.framework */ = {isa = PBXFileReference; explicitFileType = wrapper.framework; includeInIndex = 0; path = Pods_FlybookTest.framework; sourceTree = BUILT_PRODUCTS_DIR; };
		42EF95B366E6F1A7671D0714 /* Pods_FlybookTestTests.framework */ = {isa = PBXFileReference; explicitFileType = wrapper.framework; includeInIndex = 0; path = Pods_FlybookTestTests.framework; sourceTree = BUILT_PRODUCTS_DIR; };
		66E86E10FC6FF9980EC0441C /* Pods-FlybookTest.release.xcconfig */ = {isa = PBXFileReference; includeInIndex = 1; lastKnownFileType = text.xcconfig; name = "Pods-FlybookTest.release.xcconfig"; path = "Pods/Target Support Files/Pods-FlybookTest/Pods-FlybookTest.release.xcconfig"; sourceTree = "<group>"; };
		73EAF57F20E3C01C00669787 /* FlybookTest.app */ = {isa = PBXFileReference; explicitFileType = wrapper.application; includeInIndex = 0; path = FlybookTest.app; sourceTree = BUILT_PRODUCTS_DIR; };
		73EAF58220E3C01C00669787 /* AppDelegate.swift */ = {isa = PBXFileReference; lastKnownFileType = sourcecode.swift; path = AppDelegate.swift; sourceTree = "<group>"; };
		73EAF58420E3C01C00669787 /* ViewController.swift */ = {isa = PBXFileReference; lastKnownFileType = sourcecode.swift; path = ViewController.swift; sourceTree = "<group>"; };
		73EAF58720E3C01C00669787 /* Base */ = {isa = PBXFileReference; lastKnownFileType = file.storyboard; name = Base; path = Base.lproj/Main.storyboard; sourceTree = "<group>"; };
		73EAF58920E3C01D00669787 /* Assets.xcassets */ = {isa = PBXFileReference; lastKnownFileType = folder.assetcatalog; path = Assets.xcassets; sourceTree = "<group>"; };
		73EAF58C20E3C01D00669787 /* Base */ = {isa = PBXFileReference; lastKnownFileType = file.storyboard; name = Base; path = Base.lproj/LaunchScreen.storyboard; sourceTree = "<group>"; };
		73EAF58E20E3C01D00669787 /* Info.plist */ = {isa = PBXFileReference; lastKnownFileType = text.plist.xml; path = Info.plist; sourceTree = "<group>"; };
		73EAF59320E3C01D00669787 /* FlybookTestTests.xctest */ = {isa = PBXFileReference; explicitFileType = wrapper.cfbundle; includeInIndex = 0; path = FlybookTestTests.xctest; sourceTree = BUILT_PRODUCTS_DIR; };
		73EAF59720E3C01D00669787 /* FlybookTestTests.swift */ = {isa = PBXFileReference; lastKnownFileType = sourcecode.swift; path = FlybookTestTests.swift; sourceTree = "<group>"; };
		73EAF59920E3C01D00669787 /* Info.plist */ = {isa = PBXFileReference; lastKnownFileType = text.plist.xml; path = Info.plist; sourceTree = "<group>"; };
		73EAF5A220E3C0FC00669787 /* MainViewController.swift */ = {isa = PBXFileReference; lastKnownFileType = sourcecode.swift; path = MainViewController.swift; sourceTree = "<group>"; };
		73EAF5A420E5255300669787 /* SearchViewController.swift */ = {isa = PBXFileReference; lastKnownFileType = sourcecode.swift; path = SearchViewController.swift; sourceTree = "<group>"; };
		73EAF5A620E5255E00669787 /* WriteViewController.swift */ = {isa = PBXFileReference; lastKnownFileType = sourcecode.swift; path = WriteViewController.swift; sourceTree = "<group>"; };
		73EAF5A820E5256700669787 /* FeedViewController.swift */ = {isa = PBXFileReference; lastKnownFileType = sourcecode.swift; path = FeedViewController.swift; sourceTree = "<group>"; };
		73EAF5AA20E5257100669787 /* UserViewController.swift */ = {isa = PBXFileReference; lastKnownFileType = sourcecode.swift; path = UserViewController.swift; sourceTree = "<group>"; };
		A193D6AAECB019810580230A /* Pods-FlybookTestTests.debug.xcconfig */ = {isa = PBXFileReference; includeInIndex = 1; lastKnownFileType = text.xcconfig; name = "Pods-FlybookTestTests.debug.xcconfig"; path = "Pods/Target Support Files/Pods-FlybookTestTests/Pods-FlybookTestTests.debug.xcconfig"; sourceTree = "<group>"; };
		A5224ABE46CE2BE5C32CDF11 /* Pods-FlybookTest.debug.xcconfig */ = {isa = PBXFileReference; includeInIndex = 1; lastKnownFileType = text.xcconfig; name = "Pods-FlybookTest.debug.xcconfig"; path = "Pods/Target Support Files/Pods-FlybookTest/Pods-FlybookTest.debug.xcconfig"; sourceTree = "<group>"; };
/* End PBXFileReference section */

/* Begin PBXFrameworksBuildPhase section */
		73EAF57C20E3C01C00669787 /* Frameworks */ = {
			isa = PBXFrameworksBuildPhase;
			buildActionMask = 2147483647;
			files = (
				C6842ED1590306970AD8381A /* Pods_FlybookTest.framework in Frameworks */,
			);
			runOnlyForDeploymentPostprocessing = 0;
		};
		73EAF59020E3C01D00669787 /* Frameworks */ = {
			isa = PBXFrameworksBuildPhase;
			buildActionMask = 2147483647;
			files = (
				42D09ADB0F6C2189AE6CFE39 /* Pods_FlybookTestTests.framework in Frameworks */,
			);
			runOnlyForDeploymentPostprocessing = 0;
		};
/* End PBXFrameworksBuildPhase section */

/* Begin PBXGroup section */
		521ECC1FD753514852495453 /* Pods */ = {
			isa = PBXGroup;
			children = (
				A5224ABE46CE2BE5C32CDF11 /* Pods-FlybookTest.debug.xcconfig */,
				66E86E10FC6FF9980EC0441C /* Pods-FlybookTest.release.xcconfig */,
				A193D6AAECB019810580230A /* Pods-FlybookTestTests.debug.xcconfig */,
				070C803ABCC7D2F0BE9D47A1 /* Pods-FlybookTestTests.release.xcconfig */,
			);
			name = Pods;
			sourceTree = "<group>";
		};
		73EAF57620E3C01C00669787 = {
			isa = PBXGroup;
			children = (
				73EAF58120E3C01C00669787 /* FlybookTest */,
				73EAF59620E3C01D00669787 /* FlybookTestTests */,
				73EAF58020E3C01C00669787 /* Products */,
				521ECC1FD753514852495453 /* Pods */,
				F17371C06C63457C433B6737 /* Frameworks */,
			);
			sourceTree = "<group>";
		};
		73EAF58020E3C01C00669787 /* Products */ = {
			isa = PBXGroup;
			children = (
				73EAF57F20E3C01C00669787 /* FlybookTest.app */,
				73EAF59320E3C01D00669787 /* FlybookTestTests.xctest */,
			);
			name = Products;
			sourceTree = "<group>";
		};
		73EAF58120E3C01C00669787 /* FlybookTest */ = {
			isa = PBXGroup;
			children = (
				73EAF58220E3C01C00669787 /* AppDelegate.swift */,
				73EAF5A220E3C0FC00669787 /* MainViewController.swift */,
				73EAF5A420E5255300669787 /* SearchViewController.swift */,
				73EAF58420E3C01C00669787 /* ViewController.swift */,
				73EAF58620E3C01C00669787 /* Main.storyboard */,
				73EAF58920E3C01D00669787 /* Assets.xcassets */,
				73EAF58B20E3C01D00669787 /* LaunchScreen.storyboard */,
				73EAF58E20E3C01D00669787 /* Info.plist */,
				73EAF5A620E5255E00669787 /* WriteViewController.swift */,
				73EAF5A820E5256700669787 /* FeedViewController.swift */,
				73EAF5AA20E5257100669787 /* UserViewController.swift */,
			);
			path = FlybookTest;
			sourceTree = "<group>";
		};
		73EAF59620E3C01D00669787 /* FlybookTestTests */ = {
			isa = PBXGroup;
			children = (
				73EAF59720E3C01D00669787 /* FlybookTestTests.swift */,
				73EAF59920E3C01D00669787 /* Info.plist */,
			);
			path = FlybookTestTests;
			sourceTree = "<group>";
		};
		F17371C06C63457C433B6737 /* Frameworks */ = {
			isa = PBXGroup;
			children = (
				426E49074EAB1255EAB40EB7 /* Pods_FlybookTest.framework */,
				42EF95B366E6F1A7671D0714 /* Pods_FlybookTestTests.framework */,
			);
			name = Frameworks;
			sourceTree = "<group>";
		};
/* End PBXGroup section */

/* Begin PBXNativeTarget section */
		73EAF57E20E3C01C00669787 /* FlybookTest */ = {
			isa = PBXNativeTarget;
			buildConfigurationList = 73EAF59C20E3C01D00669787 /* Build configuration list for PBXNativeTarget "FlybookTest" */;
			buildPhases = (
				4E3EC5038433692257FF21DF /* [CP] Check Pods Manifest.lock */,
				73EAF57B20E3C01C00669787 /* Sources */,
				73EAF57C20E3C01C00669787 /* Frameworks */,
				73EAF57D20E3C01C00669787 /* Resources */,
				29C8495A80FD99F2DCF6260B /* [CP] Embed Pods Frameworks */,
			);
			buildRules = (
			);
			dependencies = (
			);
			name = FlybookTest;
			productName = FlybookTest;
			productReference = 73EAF57F20E3C01C00669787 /* FlybookTest.app */;
			productType = "com.apple.product-type.application";
		};
		73EAF59220E3C01D00669787 /* FlybookTestTests */ = {
			isa = PBXNativeTarget;
			buildConfigurationList = 73EAF59F20E3C01D00669787 /* Build configuration list for PBXNativeTarget "FlybookTestTests" */;
			buildPhases = (
				B573443322F6DDD72849B3CD /* [CP] Check Pods Manifest.lock */,
				73EAF58F20E3C01D00669787 /* Sources */,
				73EAF59020E3C01D00669787 /* Frameworks */,
				73EAF59120E3C01D00669787 /* Resources */,
			);
			buildRules = (
			);
			dependencies = (
				73EAF59520E3C01D00669787 /* PBXTargetDependency */,
			);
			name = FlybookTestTests;
			productName = FlybookTestTests;
			productReference = 73EAF59320E3C01D00669787 /* FlybookTestTests.xctest */;
			productType = "com.apple.product-type.bundle.unit-test";
		};
/* End PBXNativeTarget section */

/* Begin PBXProject section */
		73EAF57720E3C01C00669787 /* Project object */ = {
			isa = PBXProject;
			attributes = {
				LastSwiftUpdateCheck = 0940;
				LastUpgradeCheck = 0940;
				ORGANIZATIONNAME = jakouk;
				TargetAttributes = {
					73EAF57E20E3C01C00669787 = {
						CreatedOnToolsVersion = 9.4.1;
					};
					73EAF59220E3C01D00669787 = {
						CreatedOnToolsVersion = 9.4.1;
						TestTargetID = 73EAF57E20E3C01C00669787;
					};
				};
			};
			buildConfigurationList = 73EAF57A20E3C01C00669787 /* Build configuration list for PBXProject "FlybookTest" */;
			compatibilityVersion = "Xcode 9.3";
			developmentRegion = en;
			hasScannedForEncodings = 0;
			knownRegions = (
				en,
				Base,
			);
			mainGroup = 73EAF57620E3C01C00669787;
			productRefGroup = 73EAF58020E3C01C00669787 /* Products */;
			projectDirPath = "";
			projectRoot = "";
			targets = (
				73EAF57E20E3C01C00669787 /* FlybookTest */,
				73EAF59220E3C01D00669787 /* FlybookTestTests */,
			);
		};
/* End PBXProject section */

/* Begin PBXResourcesBuildPhase section */
		73EAF57D20E3C01C00669787 /* Resources */ = {
			isa = PBXResourcesBuildPhase;
			buildActionMask = 2147483647;
			files = (
				73EAF58D20E3C01D00669787 /* LaunchScreen.storyboard in Resources */,
				73EAF58A20E3C01D00669787 /* Assets.xcassets in Resources */,
				73EAF58820E3C01C00669787 /* Main.storyboard in Resources */,
			);
			runOnlyForDeploymentPostprocessing = 0;
		};
		73EAF59120E3C01D00669787 /* Resources */ = {
			isa = PBXResourcesBuildPhase;
			buildActionMask = 2147483647;
			files = (
			);
			runOnlyForDeploymentPostprocessing = 0;
		};
/* End PBXResourcesBuildPhase section */

/* Begin PBXShellScriptBuildPhase section */
		29C8495A80FD99F2DCF6260B /* [CP] Embed Pods Frameworks */ = {
			isa = PBXShellScriptBuildPhase;
			buildActionMask = 2147483647;
			files = (
			);
			inputPaths = (
				"${SRCROOT}/Pods/Target Support Files/Pods-FlybookTest/Pods-FlybookTest-frameworks.sh",
				"${BUILT_PRODUCTS_DIR}/SnapKit/SnapKit.framework",
			);
			name = "[CP] Embed Pods Frameworks";
			outputPaths = (
				"${TARGET_BUILD_DIR}/${FRAMEWORKS_FOLDER_PATH}/SnapKit.framework",
			);
			runOnlyForDeploymentPostprocessing = 0;
			shellPath = /bin/sh;
			shellScript = "\"${SRCROOT}/Pods/Target Support Files/Pods-FlybookTest/Pods-FlybookTest-frameworks.sh\"\n";
			showEnvVarsInLog = 0;
		};
		4E3EC5038433692257FF21DF /* [CP] Check Pods Manifest.lock */ = {
			isa = PBXShellScriptBuildPhase;
			buildActionMask = 2147483647;
			files = (
			);
			inputPaths = (
				"${PODS_PODFILE_DIR_PATH}/Podfile.lock",
				"${PODS_ROOT}/Manifest.lock",
			);
			name = "[CP] Check Pods Manifest.lock";
			outputPaths = (
				"$(DERIVED_FILE_DIR)/Pods-FlybookTest-checkManifestLockResult.txt",
			);
			runOnlyForDeploymentPostprocessing = 0;
			shellPath = /bin/sh;
			shellScript = "diff \"${PODS_PODFILE_DIR_PATH}/Podfile.lock\" \"${PODS_ROOT}/Manifest.lock\" > /dev/null\nif [ $? != 0 ] ; then\n    # print error to STDERR\n    echo \"error: The sandbox is not in sync with the Podfile.lock. Run 'pod install' or update your CocoaPods installation.\" >&2\n    exit 1\nfi\n# This output is used by Xcode 'outputs' to avoid re-running this script phase.\necho \"SUCCESS\" > \"${SCRIPT_OUTPUT_FILE_0}\"\n";
			showEnvVarsInLog = 0;
		};
		B573443322F6DDD72849B3CD /* [CP] Check Pods Manifest.lock */ = {
			isa = PBXShellScriptBuildPhase;
			buildActionMask = 2147483647;
			files = (
			);
			inputPaths = (
				"${PODS_PODFILE_DIR_PATH}/Podfile.lock",
				"${PODS_ROOT}/Manifest.lock",
			);
			name = "[CP] Check Pods Manifest.lock";
			outputPaths = (
				"$(DERIVED_FILE_DIR)/Pods-FlybookTestTests-checkManifestLockResult.txt",
			);
			runOnlyForDeploymentPostprocessing = 0;
			shellPath = /bin/sh;
			shellScript = "diff \"${PODS_PODFILE_DIR_PATH}/Podfile.lock\" \"${PODS_ROOT}/Manifest.lock\" > /dev/null\nif [ $? != 0 ] ; then\n    # print error to STDERR\n    echo \"error: The sandbox is not in sync with the Podfile.lock. Run 'pod install' or update your CocoaPods installation.\" >&2\n    exit 1\nfi\n# This output is used by Xcode 'outputs' to avoid re-running this script phase.\necho \"SUCCESS\" > \"${SCRIPT_OUTPUT_FILE_0}\"\n";
			showEnvVarsInLog = 0;
		};
/* End PBXShellScriptBuildPhase section */

/* Begin PBXSourcesBuildPhase section */
		73EAF57B20E3C01C00669787 /* Sources */ = {
			isa = PBXSourcesBuildPhase;
			buildActionMask = 2147483647;
			files = (
				73EAF5AB20E5257100669787 /* UserViewController.swift in Sources */,
				73EAF5A320E3C0FC00669787 /* MainViewController.swift in Sources */,
				73EAF58520E3C01C00669787 /* ViewController.swift in Sources */,
				73EAF5A520E5255300669787 /* SearchViewController.swift in Sources */,
				73EAF5A720E5255E00669787 /* WriteViewController.swift in Sources */,
				73EAF5A920E5256700669787 /* FeedViewController.swift in Sources */,
				73EAF58320E3C01C00669787 /* AppDelegate.swift in Sources */,
			);
			runOnlyForDeploymentPostprocessing = 0;
		};
		73EAF58F20E3C01D00669787 /* Sources */ = {
			isa = PBXSourcesBuildPhase;
			buildActionMask = 2147483647;
			files = (
				73EAF59820E3C01D00669787 /* FlybookTestTests.swift in Sources */,
			);
			runOnlyForDeploymentPostprocessing = 0;
		};
/* End PBXSourcesBuildPhase section */

/* Begin PBXTargetDependency section */
		73EAF59520E3C01D00669787 /* PBXTargetDependency */ = {
			isa = PBXTargetDependency;
			target = 73EAF57E20E3C01C00669787 /* FlybookTest */;
			targetProxy = 73EAF59420E3C01D00669787 /* PBXContainerItemProxy */;
		};
/* End PBXTargetDependency section */

/* Begin PBXVariantGroup section */
		73EAF58620E3C01C00669787 /* Main.storyboard */ = {
			isa = PBXVariantGroup;
			children = (
				73EAF58720E3C01C00669787 /* Base */,
			);
			name = Main.storyboard;
			sourceTree = "<group>";
		};
		73EAF58B20E3C01D00669787 /* LaunchScreen.storyboard */ = {
			isa = PBXVariantGroup;
			children = (
				73EAF58C20E3C01D00669787 /* Base */,
			);
			name = LaunchScreen.storyboard;
			sourceTree = "<group>";
		};
/* End PBXVariantGroup section */

/* Begin XCBuildConfiguration section */
		73EAF59A20E3C01D00669787 /* Debug */ = {
			isa = XCBuildConfiguration;
			buildSettings = {
				ALWAYS_SEARCH_USER_PATHS = NO;
				CLANG_ANALYZER_NONNULL = YES;
				CLANG_ANALYZER_NUMBER_OBJECT_CONVERSION = YES_AGGRESSIVE;
				CLANG_CXX_LANGUAGE_STANDARD = "gnu++14";
				CLANG_CXX_LIBRARY = "libc++";
				CLANG_ENABLE_MODULES = YES;
				CLANG_ENABLE_OBJC_ARC = YES;
				CLANG_ENABLE_OBJC_WEAK = YES;
				CLANG_WARN_BLOCK_CAPTURE_AUTORELEASING = YES;
				CLANG_WARN_BOOL_CONVERSION = YES;
				CLANG_WARN_COMMA = YES;
				CLANG_WARN_CONSTANT_CONVERSION = YES;
				CLANG_WARN_DEPRECATED_OBJC_IMPLEMENTATIONS = YES;
				CLANG_WARN_DIRECT_OBJC_ISA_USAGE = YES_ERROR;
				CLANG_WARN_DOCUMENTATION_COMMENTS = YES;
				CLANG_WARN_EMPTY_BODY = YES;
				CLANG_WARN_ENUM_CONVERSION = YES;
				CLANG_WARN_INFINITE_RECURSION = YES;
				CLANG_WARN_INT_CONVERSION = YES;
				CLANG_WARN_NON_LITERAL_NULL_CONVERSION = YES;
				CLANG_WARN_OBJC_IMPLICIT_RETAIN_SELF = YES;
				CLANG_WARN_OBJC_LITERAL_CONVERSION = YES;
				CLANG_WARN_OBJC_ROOT_CLASS = YES_ERROR;
				CLANG_WARN_RANGE_LOOP_ANALYSIS = YES;
				CLANG_WARN_STRICT_PROTOTYPES = YES;
				CLANG_WARN_SUSPICIOUS_MOVE = YES;
				CLANG_WARN_UNGUARDED_AVAILABILITY = YES_AGGRESSIVE;
				CLANG_WARN_UNREACHABLE_CODE = YES;
				CLANG_WARN__DUPLICATE_METHOD_MATCH = YES;
				CODE_SIGN_IDENTITY = "iPhone Developer";
				COPY_PHASE_STRIP = NO;
				DEBUG_INFORMATION_FORMAT = dwarf;
				ENABLE_STRICT_OBJC_MSGSEND = YES;
				ENABLE_TESTABILITY = YES;
				GCC_C_LANGUAGE_STANDARD = gnu11;
				GCC_DYNAMIC_NO_PIC = NO;
				GCC_NO_COMMON_BLOCKS = YES;
				GCC_OPTIMIZATION_LEVEL = 0;
				GCC_PREPROCESSOR_DEFINITIONS = (
					"DEBUG=1",
					"$(inherited)",
				);
				GCC_WARN_64_TO_32_BIT_CONVERSION = YES;
				GCC_WARN_ABOUT_RETURN_TYPE = YES_ERROR;
				GCC_WARN_UNDECLARED_SELECTOR = YES;
				GCC_WARN_UNINITIALIZED_AUTOS = YES_AGGRESSIVE;
				GCC_WARN_UNUSED_FUNCTION = YES;
				GCC_WARN_UNUSED_VARIABLE = YES;
				IPHONEOS_DEPLOYMENT_TARGET = 11.4;
				MTL_ENABLE_DEBUG_INFO = YES;
				ONLY_ACTIVE_ARCH = YES;
				SDKROOT = iphoneos;
				SWIFT_ACTIVE_COMPILATION_CONDITIONS = DEBUG;
				SWIFT_OPTIMIZATION_LEVEL = "-Onone";
			};
			name = Debug;
		};
		73EAF59B20E3C01D00669787 /* Release */ = {
			isa = XCBuildConfiguration;
			buildSettings = {
				ALWAYS_SEARCH_USER_PATHS = NO;
				CLANG_ANALYZER_NONNULL = YES;
				CLANG_ANALYZER_NUMBER_OBJECT_CONVERSION = YES_AGGRESSIVE;
				CLANG_CXX_LANGUAGE_STANDARD = "gnu++14";
				CLANG_CXX_LIBRARY = "libc++";
				CLANG_ENABLE_MODULES = YES;
				CLANG_ENABLE_OBJC_ARC = YES;
				CLANG_ENABLE_OBJC_WEAK = YES;
				CLANG_WARN_BLOCK_CAPTURE_AUTORELEASING = YES;
				CLANG_WARN_BOOL_CONVERSION = YES;
				CLANG_WARN_COMMA = YES;
				CLANG_WARN_CONSTANT_CONVERSION = YES;
				CLANG_WARN_DEPRECATED_OBJC_IMPLEMENTATIONS = YES;
				CLANG_WARN_DIRECT_OBJC_ISA_USAGE = YES_ERROR;
				CLANG_WARN_DOCUMENTATION_COMMENTS = YES;
				CLANG_WARN_EMPTY_BODY = YES;
				CLANG_WARN_ENUM_CONVERSION = YES;
				CLANG_WARN_INFINITE_RECURSION = YES;
				CLANG_WARN_INT_CONVERSION = YES;
				CLANG_WARN_NON_LITERAL_NULL_CONVERSION = YES;
				CLANG_WARN_OBJC_IMPLICIT_RETAIN_SELF = YES;
				CLANG_WARN_OBJC_LITERAL_CONVERSION = YES;
				CLANG_WARN_OBJC_ROOT_CLASS = YES_ERROR;
				CLANG_WARN_RANGE_LOOP_ANALYSIS = YES;
				CLANG_WARN_STRICT_PROTOTYPES = YES;
				CLANG_WARN_SUSPICIOUS_MOVE = YES;
				CLANG_WARN_UNGUARDED_AVAILABILITY = YES_AGGRESSIVE;
				CLANG_WARN_UNREACHABLE_CODE = YES;
				CLANG_WARN__DUPLICATE_METHOD_MATCH = YES;
				CODE_SIGN_IDENTITY = "iPhone Developer";
				COPY_PHASE_STRIP = NO;
				DEBUG_INFORMATION_FORMAT = "dwarf-with-dsym";
				ENABLE_NS_ASSERTIONS = NO;
				ENABLE_STRICT_OBJC_MSGSEND = YES;
				GCC_C_LANGUAGE_STANDARD = gnu11;
				GCC_NO_COMMON_BLOCKS = YES;
				GCC_WARN_64_TO_32_BIT_CONVERSION = YES;
				GCC_WARN_ABOUT_RETURN_TYPE = YES_ERROR;
				GCC_WARN_UNDECLARED_SELECTOR = YES;
				GCC_WARN_UNINITIALIZED_AUTOS = YES_AGGRESSIVE;
				GCC_WARN_UNUSED_FUNCTION = YES;
				GCC_WARN_UNUSED_VARIABLE = YES;
				IPHONEOS_DEPLOYMENT_TARGET = 11.4;
				MTL_ENABLE_DEBUG_INFO = NO;
				SDKROOT = iphoneos;
				SWIFT_COMPILATION_MODE = wholemodule;
				SWIFT_OPTIMIZATION_LEVEL = "-O";
				VALIDATE_PRODUCT = YES;
			};
			name = Release;
		};
		73EAF59D20E3C01D00669787 /* Debug */ = {
			isa = XCBuildConfiguration;
			baseConfigurationReference = A5224ABE46CE2BE5C32CDF11 /* Pods-FlybookTest.debug.xcconfig */;
			buildSettings = {
				ASSETCATALOG_COMPILER_APPICON_NAME = AppIcon;
				CODE_SIGN_STYLE = Automatic;
				DEVELOPMENT_TEAM = M78TGNM7XE;
				INFOPLIST_FILE = FlybookTest/Info.plist;
				LD_RUNPATH_SEARCH_PATHS = (
					"$(inherited)",
					"@executable_path/Frameworks",
				);
				PRODUCT_BUNDLE_IDENTIFIER = com.jakoriaty.FlybookTest;
				PRODUCT_NAME = "$(TARGET_NAME)";
				SWIFT_VERSION = 4.0;
				TARGETED_DEVICE_FAMILY = "1,2";
			};
			name = Debug;
		};
		73EAF59E20E3C01D00669787 /* Release */ = {
			isa = XCBuildConfiguration;
			baseConfigurationReference = 66E86E10FC6FF9980EC0441C /* Pods-FlybookTest.release.xcconfig */;
			buildSettings = {
				ASSETCATALOG_COMPILER_APPICON_NAME = AppIcon;
				CODE_SIGN_STYLE = Automatic;
				DEVELOPMENT_TEAM = M78TGNM7XE;
				INFOPLIST_FILE = FlybookTest/Info.plist;
				LD_RUNPATH_SEARCH_PATHS = (
					"$(inherited)",
					"@executable_path/Frameworks",
				);
				PRODUCT_BUNDLE_IDENTIFIER = com.jakoriaty.FlybookTest;
				PRODUCT_NAME = "$(TARGET_NAME)";
				SWIFT_VERSION = 4.0;
				TARGETED_DEVICE_FAMILY = "1,2";
			};
			name = Release;
		};
		73EAF5A020E3C01D00669787 /* Debug */ = {
			isa = XCBuildConfiguration;
			baseConfigurationReference = A193D6AAECB019810580230A /* Pods-FlybookTestTests.debug.xcconfig */;
			buildSettings = {
				ALWAYS_EMBED_SWIFT_STANDARD_LIBRARIES = YES;
				BUNDLE_LOADER = "$(TEST_HOST)";
				CODE_SIGN_STYLE = Automatic;
				DEVELOPMENT_TEAM = M78TGNM7XE;
				INFOPLIST_FILE = FlybookTestTests/Info.plist;
				LD_RUNPATH_SEARCH_PATHS = (
					"$(inherited)",
					"@executable_path/Frameworks",
					"@loader_path/Frameworks",
				);
				PRODUCT_BUNDLE_IDENTIFIER = com.jakoriaty.FlybookTestTests;
				PRODUCT_NAME = "$(TARGET_NAME)";
				SWIFT_VERSION = 4.0;
				TARGETED_DEVICE_FAMILY = "1,2";
				TEST_HOST = "$(BUILT_PRODUCTS_DIR)/FlybookTest.app/FlybookTest";
			};
			name = Debug;
		};
		73EAF5A120E3C01D00669787 /* Release */ = {
			isa = XCBuildConfiguration;
			baseConfigurationReference = 070C803ABCC7D2F0BE9D47A1 /* Pods-FlybookTestTests.release.xcconfig */;
			buildSettings = {
				ALWAYS_EMBED_SWIFT_STANDARD_LIBRARIES = YES;
				BUNDLE_LOADER = "$(TEST_HOST)";
				CODE_SIGN_STYLE = Automatic;
				DEVELOPMENT_TEAM = M78TGNM7XE;
				INFOPLIST_FILE = FlybookTestTests/Info.plist;
				LD_RUNPATH_SEARCH_PATHS = (
					"$(inherited)",
					"@executable_path/Frameworks",
					"@loader_path/Frameworks",
				);
				PRODUCT_BUNDLE_IDENTIFIER = com.jakoriaty.FlybookTestTests;
				PRODUCT_NAME = "$(TARGET_NAME)";
				SWIFT_VERSION = 4.0;
				TARGETED_DEVICE_FAMILY = "1,2";
				TEST_HOST = "$(BUILT_PRODUCTS_DIR)/FlybookTest.app/FlybookTest";
			};
			name = Release;
		};
/* End XCBuildConfiguration section */

/* Begin XCConfigurationList section */
		73EAF57A20E3C01C00669787 /* Build configuration list for PBXProject "FlybookTest" */ = {
			isa = XCConfigurationList;
			buildConfigurations = (
				73EAF59A20E3C01D00669787 /* Debug */,
				73EAF59B20E3C01D00669787 /* Release */,
			);
			defaultConfigurationIsVisible = 0;
			defaultConfigurationName = Release;
		};
		73EAF59C20E3C01D00669787 /* Build configuration list for PBXNativeTarget "FlybookTest" */ = {
			isa = XCConfigurationList;
			buildConfigurations = (
				73EAF59D20E3C01D00669787 /* Debug */,
				73EAF59E20E3C01D00669787 /* Release */,
			);
			defaultConfigurationIsVisible = 0;
			defaultConfigurationName = Release;
		};
		73EAF59F20E3C01D00669787 /* Build configuration list for PBXNativeTarget "FlybookTestTests" */ = {
			isa = XCConfigurationList;
			buildConfigurations = (
				73EAF5A020E3C01D00669787 /* Debug */,
				73EAF5A120E3C01D00669787 /* Release */,
			);
			defaultConfigurationIsVisible = 0;
			defaultConfigurationName = Release;
		};
/* End XCConfigurationList section */
	};
	rootObject = 73EAF57720E3C01C00669787 /* Project object */;
}
